
Microsoft Visual Studio Solution File, Format Version 12.00
# Visual Studio Version 16
VisualStudioVersion = 16.0.32228.343
MinimumVisualStudioVersion = 10.0.40219.1
Project("{FAE04EC0-301F-11D3-BF4B-00C04F79EFBC}") = "Tienda", "Tienda.csproj", "{DB4007CD-9A07-4AFE-A69A-54866CA713C1}"
EndProject
Global
	GlobalSection(SolutionConfigurationPlatforms) = preSolution
		Debug|Any CPU = Debug|Any CPU
		Release|Any CPU = Release|Any CPU
	EndGlobalSection
	GlobalSection(ProjectConfigurationPlatforms) = postSolution
		{DB4007CD-9A07-4AFE-A69A-54866CA713C1}.Debug|Any CPU.ActiveCfg = Debug|Any CPU
		{DB4007CD-9A07-4AFE-A69A-54866CA713C1}.Debug|Any CPU.Build.0 = Debug|Any CPU
		{DB4007CD-9A07-4AFE-A69A-54866CA713C1}.Release|Any CPU.ActiveCfg = Release|Any CPU
		{DB4007CD-9A07-4AFE-A69A-54866CA713C1}.Release|Any CPU.Build.0 = Release|Any CPU
	EndGlobalSection
	GlobalSection(SolutionProperties) = preSolution
		HideSolutionNode = FALSE
	EndGlobalSection
	GlobalSection(ExtensibilityGlobals) = postSolution
		SolutionGuid = {4D05E142-349A-41AA-ACEF-20B46653F9B0}
	EndGlobalSection
EndGlobal
